
Microsoft Visual Studio Solution File, Format Version 12.00
# Visual Studio 14
VisualStudioVersion = 14.0.25420.1
MinimumVisualStudioVersion = 10.0.40219.1
Project("{151D2E53-A2C4-4D7D-83FE-D05416EBD58E}") = "ADFSConfig", "ADFSConfig.deployproj", "{4BF1B2A8-0E1F-47B8-9FBA-1A523D9EDCBB}"
EndProject
Global
	GlobalSection(SolutionConfigurationPlatforms) = preSolution
		Debug|Any CPU = Debug|Any CPU
		Release|Any CPU = Release|Any CPU
	EndGlobalSection
	GlobalSection(ProjectConfigurationPlatforms) = postSolution
		{4BF1B2A8-0E1F-47B8-9FBA-1A523D9EDCBB}.Debug|Any CPU.ActiveCfg = Debug|Any CPU
		{4BF1B2A8-0E1F-47B8-9FBA-1A523D9EDCBB}.Debug|Any CPU.Build.0 = Debug|Any CPU
		{4BF1B2A8-0E1F-47B8-9FBA-1A523D9EDCBB}.Release|Any CPU.ActiveCfg = Release|Any CPU
		{4BF1B2A8-0E1F-47B8-9FBA-1A523D9EDCBB}.Release|Any CPU.Build.0 = Release|Any CPU
	EndGlobalSection
	GlobalSection(SolutionProperties) = preSolution
		HideSolutionNode = FALSE
	EndGlobalSection
EndGlobal
